
Microsoft Visual Studio Solution File, Format Version 12.00
# Visual Studio 15
VisualStudioVersion = 15.0.27703.2042
MinimumVisualStudioVersion = 10.0.40219.1
Project("{8BC9CEB8-8B4A-11D0-8D11-00A0C91BC942}") = "GStar", "GStar.vcxproj", "{DDB5D5CE-1D2F-458C-BD3C-2ABCF45C3DC2}"
	ProjectSection(ProjectDependencies) = postProject
		{35F04007-9558-48FA-8D43-8D77340BF122} = {35F04007-9558-48FA-8D43-8D77340BF122}
	EndProjectSection
EndProject
Project("{8BC9CEB8-8B4A-11D0-8D11-00A0C91BC942}") = "Core", "..\Source\Projects\Core\Core.vcxproj", "{35F04007-9558-48FA-8D43-8D77340BF122}"
EndProject
Project("{2150E333-8FDC-42A3-9474-1A3956D46DE8}") = "Tests", "Tests", "{2E5A6F30-4101-49D6-B935-DE36FFB66E93}"
EndProject
Project("{8BC9CEB8-8B4A-11D0-8D11-00A0C91BC942}") = "CoreMemHelperTester", "..\Source\TestProjects\Core\CoreMemHelperTester\CoreMemHelperTester.vcxproj", "{5D66DCF5-F3E5-4FF6-8A97-95985BA32965}"
	ProjectSection(ProjectDependencies) = postProject
		{35F04007-9558-48FA-8D43-8D77340BF122} = {35F04007-9558-48FA-8D43-8D77340BF122}
	EndProjectSection
EndProject
Project("{8BC9CEB8-8B4A-11D0-8D11-00A0C91BC942}") = "CoreContTVectorTester", "..\Source\TestProjects\Core\CoreContTVectorTester\CoreContTVectorTester.vcxproj", "{CEC2CD92-C262-4CBC-8FE8-A88953D7046E}"
	ProjectSection(ProjectDependencies) = postProject
		{35F04007-9558-48FA-8D43-8D77340BF122} = {35F04007-9558-48FA-8D43-8D77340BF122}
	EndProjectSection
EndProject
Global
	GlobalSection(SolutionConfigurationPlatforms) = preSolution
		Debug|x64 = Debug|x64
		Debug|x86 = Debug|x86
		Release|x64 = Release|x64
		Release|x86 = Release|x86
	EndGlobalSection
	GlobalSection(ProjectConfigurationPlatforms) = postSolution
		{DDB5D5CE-1D2F-458C-BD3C-2ABCF45C3DC2}.Debug|x64.ActiveCfg = Debug|x64
		{DDB5D5CE-1D2F-458C-BD3C-2ABCF45C3DC2}.Debug|x64.Build.0 = Debug|x64
		{DDB5D5CE-1D2F-458C-BD3C-2ABCF45C3DC2}.Debug|x86.ActiveCfg = Debug|Win32
		{DDB5D5CE-1D2F-458C-BD3C-2ABCF45C3DC2}.Debug|x86.Build.0 = Debug|Win32
		{DDB5D5CE-1D2F-458C-BD3C-2ABCF45C3DC2}.Release|x64.ActiveCfg = Release|x64
		{DDB5D5CE-1D2F-458C-BD3C-2ABCF45C3DC2}.Release|x64.Build.0 = Release|x64
		{DDB5D5CE-1D2F-458C-BD3C-2ABCF45C3DC2}.Release|x86.ActiveCfg = Release|Win32
		{DDB5D5CE-1D2F-458C-BD3C-2ABCF45C3DC2}.Release|x86.Build.0 = Release|Win32
		{35F04007-9558-48FA-8D43-8D77340BF122}.Debug|x64.ActiveCfg = Debug|x64
		{35F04007-9558-48FA-8D43-8D77340BF122}.Debug|x64.Build.0 = Debug|x64
		{35F04007-9558-48FA-8D43-8D77340BF122}.Debug|x86.ActiveCfg = Debug|Win32
		{35F04007-9558-48FA-8D43-8D77340BF122}.Debug|x86.Build.0 = Debug|Win32
		{35F04007-9558-48FA-8D43-8D77340BF122}.Release|x64.ActiveCfg = Release|x64
		{35F04007-9558-48FA-8D43-8D77340BF122}.Release|x64.Build.0 = Release|x64
		{35F04007-9558-48FA-8D43-8D77340BF122}.Release|x86.ActiveCfg = Release|Win32
		{35F04007-9558-48FA-8D43-8D77340BF122}.Release|x86.Build.0 = Release|Win32
		{5D66DCF5-F3E5-4FF6-8A97-95985BA32965}.Debug|x64.ActiveCfg = Debug|x64
		{5D66DCF5-F3E5-4FF6-8A97-95985BA32965}.Debug|x64.Build.0 = Debug|x64
		{5D66DCF5-F3E5-4FF6-8A97-95985BA32965}.Debug|x86.ActiveCfg = Debug|Win32
		{5D66DCF5-F3E5-4FF6-8A97-95985BA32965}.Debug|x86.Build.0 = Debug|Win32
		{5D66DCF5-F3E5-4FF6-8A97-95985BA32965}.Release|x64.ActiveCfg = Release|x64
		{5D66DCF5-F3E5-4FF6-8A97-95985BA32965}.Release|x64.Build.0 = Release|x64
		{5D66DCF5-F3E5-4FF6-8A97-95985BA32965}.Release|x86.ActiveCfg = Release|Win32
		{5D66DCF5-F3E5-4FF6-8A97-95985BA32965}.Release|x86.Build.0 = Release|Win32
		{CEC2CD92-C262-4CBC-8FE8-A88953D7046E}.Debug|x64.ActiveCfg = Debug|x64
		{CEC2CD92-C262-4CBC-8FE8-A88953D7046E}.Debug|x64.Build.0 = Debug|x64
		{CEC2CD92-C262-4CBC-8FE8-A88953D7046E}.Debug|x86.ActiveCfg = Debug|Win32
		{CEC2CD92-C262-4CBC-8FE8-A88953D7046E}.Debug|x86.Build.0 = Debug|Win32
		{CEC2CD92-C262-4CBC-8FE8-A88953D7046E}.Release|x64.ActiveCfg = Release|x64
		{CEC2CD92-C262-4CBC-8FE8-A88953D7046E}.Release|x64.Build.0 = Release|x64
		{CEC2CD92-C262-4CBC-8FE8-A88953D7046E}.Release|x86.ActiveCfg = Release|Win32
		{CEC2CD92-C262-4CBC-8FE8-A88953D7046E}.Release|x86.Build.0 = Release|Win32
	EndGlobalSection
	GlobalSection(SolutionProperties) = preSolution
		HideSolutionNode = FALSE
	EndGlobalSection
	GlobalSection(NestedProjects) = preSolution
		{5D66DCF5-F3E5-4FF6-8A97-95985BA32965} = {2E5A6F30-4101-49D6-B935-DE36FFB66E93}
		{CEC2CD92-C262-4CBC-8FE8-A88953D7046E} = {2E5A6F30-4101-49D6-B935-DE36FFB66E93}
	EndGlobalSection
	GlobalSection(ExtensibilityGlobals) = postSolution
		SolutionGuid = {F161909E-F783-4BF7-849B-787CDF39EF8F}
	EndGlobalSection
EndGlobal
