<?xml version="1.0" encoding="utf-8"?>
<Project ToolsVersion="4.0" xmlns="http://schemas.microsoft.com/developer/msbuild/2003">
  <ItemGroup>
    <Filter Include="Str">
      <UniqueIdentifier>{5d53af7d-e64b-46ec-a71f-7cd2995c6be4}</UniqueIdentifier>
    </Filter>
    <Filter Include="Mem">
      <UniqueIdentifier>{94e2d997-0dbc-4c45-ac4f-2d752fd9f8fd}</UniqueIdentifier>
    </Filter>
    <Filter Include="Mem\Helper">
      <UniqueIdentifier>{57a00a2e-11df-45c3-a5ad-43edb38722de}</UniqueIdentifier>
    </Filter>
    <Filter Include="Mem\Helper\Priv">
      <UniqueIdentifier>{de9c4997-3f56-4c78-929a-1752d001a94a}</UniqueIdentifier>
    </Filter>
    <Filter Include="Str\Priv">
      <UniqueIdentifier>{0c3a6494-c3ed-4d73-b89b-69f80036e21d}</UniqueIdentifier>
    </Filter>
    <Filter Include="Mem\Helper\Test">
      <UniqueIdentifier>{2549aa2c-e2ad-4ef7-937e-0665a6d62781}</UniqueIdentifier>
    </Filter>
    <Filter Include="Cont">
      <UniqueIdentifier>{112be1b3-2680-40ad-afbf-828d88b86db4}</UniqueIdentifier>
    </Filter>
    <Filter Include="Cont\Test">
      <UniqueIdentifier>{d995e80f-d4c5-4223-bcfd-afe62f49e34c}</UniqueIdentifier>
    </Filter>
    <Filter Include="Mem\Priv">
      <UniqueIdentifier>{05c3f148-15c0-4ca3-97a3-20c5e43735b1}</UniqueIdentifier>
    </Filter>
    <Filter Include="Mem\Test">
      <UniqueIdentifier>{a1acecac-083a-4e8d-995c-40e5bd7dd115}</UniqueIdentifier>
    </Filter>
    <Filter Include="Cont\Priv">
      <UniqueIdentifier>{f90829b7-3ead-4282-a14d-a56546dcf94b}</UniqueIdentifier>
    </Filter>
    <Filter Include="Cont\UT">
      <UniqueIdentifier>{37f6745f-04d2-48b3-8fbc-5ddf5c154d83}</UniqueIdentifier>
    </Filter>
    <Filter Include="Cont\UT\Test">
      <UniqueIdentifier>{3e80beaf-5851-4e4c-9241-2bcd02775d25}</UniqueIdentifier>
    </Filter>
    <Filter Include="Templ">
      <UniqueIdentifier>{8bfc2800-f14d-4f3f-9a7e-a782ab12e133}</UniqueIdentifier>
    </Filter>
    <Filter Include="Templ\Test">
      <UniqueIdentifier>{8c8eda12-cb51-4bfe-9bbd-43b77b580a9f}</UniqueIdentifier>
    </Filter>
    <Filter Include="Serialization">
      <UniqueIdentifier>{362c20f3-f779-499e-b05d-8c3b1b6d17c4}</UniqueIdentifier>
    </Filter>
    <Filter Include="Stream">
      <UniqueIdentifier>{b69fe854-2f48-4347-b8b8-b64ea6f162be}</UniqueIdentifier>
    </Filter>
    <Filter Include="Math">
      <UniqueIdentifier>{3e78737d-d1e2-4e65-adff-22dfd9516645}</UniqueIdentifier>
    </Filter>
    <Filter Include="Math\Priv">
      <UniqueIdentifier>{6cc1a7e6-33f3-4985-b088-b6fd5dc78d4f}</UniqueIdentifier>
    </Filter>
    <Filter Include="Math\Test">
      <UniqueIdentifier>{26bc02af-bdfb-456e-b7af-cc43afa18c4d}</UniqueIdentifier>
    </Filter>
  </ItemGroup>
  <ItemGroup>
    <ClInclude Include="..\..\Core\Str\IdentStr.h">
      <Filter>Str</Filter>
    </ClInclude>
    <ClInclude Include="..\..\Core\CoreSysCommon.h" />
    <ClInclude Include="..\..\Core\CoreSysMinimal.h" />
    <ClInclude Include="..\..\Core\CoreSysTypes.h" />
    <ClInclude Include="..\..\Core\Mem\Helper\LinearAllocHelper.h">
      <Filter>Mem\Helper</Filter>
    </ClInclude>
    <ClInclude Include="..\..\Core\Mem\Helper\Test\LinearAllocHelperTest.h">
      <Filter>Mem\Helper\Test</Filter>
    </ClInclude>
    <ClInclude Include="..\..\Core\Cont\ContainerSystem.h">
      <Filter>Cont</Filter>
    </ClInclude>
    <ClInclude Include="..\..\Core\Cont\TVector.h">
      <Filter>Cont</Filter>
    </ClInclude>
    <ClInclude Include="..\..\Core\Cont\Test\TVectorTest.h">
      <Filter>Cont\Test</Filter>
    </ClInclude>
    <ClInclude Include="..\..\Core\Mem\BlockHeap.h">
      <Filter>Mem</Filter>
    </ClInclude>
    <ClInclude Include="..\..\Core\Mem\Priv\BlockHeapImpl.h">
      <Filter>Mem\Priv</Filter>
    </ClInclude>
    <ClInclude Include="..\..\Core\Mem\Test\BlockHeapTest.h">
      <Filter>Mem\Test</Filter>
    </ClInclude>
    <ClInclude Include="..\..\Core\Cont\Test\TSortedSetTest.h">
      <Filter>Cont\Test</Filter>
    </ClInclude>
    <ClInclude Include="..\..\Core\Cont\TSortedSet.h">
      <Filter>Cont</Filter>
    </ClInclude>
    <ClInclude Include="..\..\Core\Cont\TRBTree.h">
      <Filter>Cont</Filter>
    </ClInclude>
    <ClInclude Include="..\..\Core\Cont\Test\TRBTreeTest.h">
      <Filter>Cont\Test</Filter>
    </ClInclude>
    <ClInclude Include="..\..\Core\Cont\Priv\TRBTreeImpl.h">
      <Filter>Cont\Priv</Filter>
    </ClInclude>
    <ClInclude Include="..\..\Core\Cont\UT\TKeyValue.h">
      <Filter>Cont\UT</Filter>
    </ClInclude>
    <ClInclude Include="..\..\Core\Cont\UT\Test\TKeyValueTester.h">
      <Filter>Cont\UT\Test</Filter>
    </ClInclude>
    <ClInclude Include="..\..\Core\Templ\Test\TemplTest.h">
      <Filter>Templ\Test</Filter>
    </ClInclude>
    <ClInclude Include="..\..\Core\Templ\Test\ComparerTest.h">
      <Filter>Templ\Test</Filter>
    </ClInclude>
    <ClInclude Include="..\..\Core\Templ\TComparer.h">
      <Filter>Templ</Filter>
    </ClInclude>
    <ClInclude Include="..\..\Core\Cont\UT\IteratorUtils.h">
      <Filter>Cont\UT</Filter>
    </ClInclude>
    <ClInclude Include="..\..\Core\Serialization\ArchiveTraits.h">
      <Filter>Serialization</Filter>
    </ClInclude>
    <ClInclude Include="..\..\Core\Stream\StreamTraits.h">
      <Filter>Stream</Filter>
    </ClInclude>
    <ClInclude Include="..\..\Core\Mem\MemUtils.h">
      <Filter>Mem</Filter>
    </ClInclude>
    <ClInclude Include="..\..\Core\Math\MathUtils.h">
      <Filter>Math</Filter>
    </ClInclude>
    <ClInclude Include="..\..\Core\Math\Vector.h">
      <Filter>Math</Filter>
    </ClInclude>
    <ClInclude Include="..\..\Core\Math\Test\BLASTest.h">
      <Filter>Math\Test</Filter>
    </ClInclude>
    <ClInclude Include="..\..\Core\Math\Test\BLASVectorTest.h">
      <Filter>Math\Test</Filter>
    </ClInclude>
    <ClInclude Include="..\..\Core\Math\MathUtilsMinimal.h">
      <Filter>Math</Filter>
    </ClInclude>
    <ClInclude Include="..\..\Core\Math\Matrix.h">
      <Filter>Math</Filter>
    </ClInclude>
    <ClInclude Include="..\..\Core\Math\Test\BLASMatrixTest.h">
      <Filter>Math\Test</Filter>
    </ClInclude>
    <ClInclude Include="..\..\Core\Cont\UT\Test\IteratorUtilsTester.h">
      <Filter>Cont\UT\Test</Filter>
    </ClInclude>
    <ClInclude Include="..\..\Core\Cont\UT\Test\UTTester.h">
      <Filter>Cont\UT\Test</Filter>
    </ClInclude>
    <ClInclude Include="..\..\Core\Cont\UT\Test\TKeValueIteratorTester.h">
      <Filter>Cont\UT\Test</Filter>
    </ClInclude>
    <ClInclude Include="..\..\Core\Cont\UT\TKeyValueIterator.h">
      <Filter>Cont\UT</Filter>
    </ClInclude>
    <ClInclude Include="..\..\Core\Templ\Pointer.h">
      <Filter>Templ</Filter>
    </ClInclude>
    <ClInclude Include="..\..\Core\Templ\Test\PointerTest.h">
      <Filter>Templ\Test</Filter>
    </ClInclude>
    <ClInclude Include="..\..\Core\Mem\TSharedPtr.h">
      <Filter>Mem</Filter>
    </ClInclude>
    <ClInclude Include="..\..\Core\Mem\TUniquePtr.h">
      <Filter>Mem</Filter>
    </ClInclude>
    <ClInclude Include="..\..\Core\Mem\TComPtr.h">
      <Filter>Mem</Filter>
    </ClInclude>
    <ClInclude Include="..\..\Core\Assert.h" />
    <ClInclude Include="..\..\Core\Cont\TSortedMap.h">
      <Filter>Cont</Filter>
    </ClInclude>
  </ItemGroup>
  <ItemGroup>
    <ClCompile Include="..\..\Core\Mem\Helper\Priv\LinearAllocHelper.cpp">
      <Filter>Mem\Helper\Priv</Filter>
    </ClCompile>
    <ClCompile Include="..\..\Core\Str\Priv\IdentStr.cpp">
      <Filter>Str\Priv</Filter>
    </ClCompile>
    <ClCompile Include="..\..\Core\Mem\Priv\BlockHeapImpl.cpp">
      <Filter>Mem\Priv</Filter>
    </ClCompile>
    <ClCompile Include="..\..\Core\Cont\Priv\TRBTreeImpl.cpp">
      <Filter>Cont\Priv</Filter>
    </ClCompile>
    <ClCompile Include="..\..\Core\Mem\Priv\MemUtils.cpp">
      <Filter>Mem\Priv</Filter>
    </ClCompile>
    <ClCompile Include="..\..\Core\Math\Priv\MathUtils.cpp">
      <Filter>Math\Priv</Filter>
    </ClCompile>
    <ClCompile Include="..\..\Core\Math\Priv\Vector.cpp">
      <Filter>Math\Priv</Filter>
    </ClCompile>
    <ClCompile Include="..\..\Core\Math\Priv\Matrix.cpp">
      <Filter>Math\Priv</Filter>
    </ClCompile>
  </ItemGroup>
</Project>